{
  "name": "@supamard/logview",
  "version": "1.0.0",
  "lockfileVersion": 3,
  "requires": true,
  "packages": {
    "": {
      "name": "@supamard/logview",
      "version": "1.0.0",
      "license": "MIT",
      "bin": {
        "logview": "logview.js"
      },
      "engines": {
        "node": ">=16"
      }
    }
  }
}
